
Microsoft Visual Studio Solution File, Format Version 12.00
# Visual Studio Version 17
VisualStudioVersion = 17.14.36623.8 d17.14
MinimumVisualStudioVersion = 10.0.40219.1
Project("{FAE04EC0-301F-11D3-BF4B-00C04F79EFBC}") = "DeadLockExample", "DeadLockExample.csproj", "{0B54C031-8090-4E08-ACC6-9211DFB4EFBB}"
EndProject
Global
	GlobalSection(SolutionConfigurationPlatforms) = preSolution
		Debug|Any CPU = Debug|Any CPU
		Release|Any CPU = Release|Any CPU
	EndGlobalSection
	GlobalSection(ProjectConfigurationPlatforms) = postSolution
		{0B54C031-8090-4E08-ACC6-9211DFB4EFBB}.Debug|Any CPU.ActiveCfg = Debug|Any CPU
		{0B54C031-8090-4E08-ACC6-9211DFB4EFBB}.Debug|Any CPU.Build.0 = Debug|Any CPU
		{0B54C031-8090-4E08-ACC6-9211DFB4EFBB}.Release|Any CPU.ActiveCfg = Release|Any CPU
		{0B54C031-8090-4E08-ACC6-9211DFB4EFBB}.Release|Any CPU.Build.0 = Release|Any CPU
	EndGlobalSection
	GlobalSection(SolutionProperties) = preSolution
		HideSolutionNode = FALSE
	EndGlobalSection
	GlobalSection(ExtensibilityGlobals) = postSolution
		SolutionGuid = {8AF6CDC5-3CF3-4AA6-9341-DA1E113D8A2F}
	EndGlobalSection
EndGlobal
