
Microsoft Visual Studio Solution File, Format Version 12.00
# Visual Studio Version 17
VisualStudioVersion = 17.14.36623.8 d17.14
MinimumVisualStudioVersion = 10.0.40219.1
Project("{FAE04EC0-301F-11D3-BF4B-00C04F79EFBC}") = "TaskWhenAll", "TaskWhenAll.csproj", "{2EABFE00-7D15-4C11-972A-F56D45FBFE12}"
EndProject
Global
	GlobalSection(SolutionConfigurationPlatforms) = preSolution
		Debug|Any CPU = Debug|Any CPU
		Release|Any CPU = Release|Any CPU
	EndGlobalSection
	GlobalSection(ProjectConfigurationPlatforms) = postSolution
		{2EABFE00-7D15-4C11-972A-F56D45FBFE12}.Debug|Any CPU.ActiveCfg = Debug|Any CPU
		{2EABFE00-7D15-4C11-972A-F56D45FBFE12}.Debug|Any CPU.Build.0 = Debug|Any CPU
		{2EABFE00-7D15-4C11-972A-F56D45FBFE12}.Release|Any CPU.ActiveCfg = Release|Any CPU
		{2EABFE00-7D15-4C11-972A-F56D45FBFE12}.Release|Any CPU.Build.0 = Release|Any CPU
	EndGlobalSection
	GlobalSection(SolutionProperties) = preSolution
		HideSolutionNode = FALSE
	EndGlobalSection
	GlobalSection(ExtensibilityGlobals) = postSolution
		SolutionGuid = {C7A156B1-FFE5-4431-A19A-8012FC0A875F}
	EndGlobalSection
EndGlobal
