
Microsoft Visual Studio Solution File, Format Version 12.00
# Visual Studio Version 17
VisualStudioVersion = 17.14.36623.8 d17.14
MinimumVisualStudioVersion = 10.0.40219.1
Project("{FAE04EC0-301F-11D3-BF4B-00C04F79EFBC}") = "PLINQ", "PLINQ.csproj", "{1C6EF7C1-225B-471A-BCAA-71DC31DB574F}"
EndProject
Global
	GlobalSection(SolutionConfigurationPlatforms) = preSolution
		Debug|Any CPU = Debug|Any CPU
		Release|Any CPU = Release|Any CPU
	EndGlobalSection
	GlobalSection(ProjectConfigurationPlatforms) = postSolution
		{1C6EF7C1-225B-471A-BCAA-71DC31DB574F}.Debug|Any CPU.ActiveCfg = Debug|Any CPU
		{1C6EF7C1-225B-471A-BCAA-71DC31DB574F}.Debug|Any CPU.Build.0 = Debug|Any CPU
		{1C6EF7C1-225B-471A-BCAA-71DC31DB574F}.Release|Any CPU.ActiveCfg = Release|Any CPU
		{1C6EF7C1-225B-471A-BCAA-71DC31DB574F}.Release|Any CPU.Build.0 = Release|Any CPU
	EndGlobalSection
	GlobalSection(SolutionProperties) = preSolution
		HideSolutionNode = FALSE
	EndGlobalSection
	GlobalSection(ExtensibilityGlobals) = postSolution
		SolutionGuid = {C8CAE6D6-3084-452E-91BF-D422D1A6E68D}
	EndGlobalSection
EndGlobal
