
Microsoft Visual Studio Solution File, Format Version 12.00
# Visual Studio Version 17
VisualStudioVersion = 17.14.36623.8 d17.14
MinimumVisualStudioVersion = 10.0.40219.1
Project("{FAE04EC0-301F-11D3-BF4B-00C04F79EFBC}") = "WhichThread", "WhichThread.csproj", "{3D737DB0-56CC-4679-BAF2-B011085BC252}"
EndProject
Global
	GlobalSection(SolutionConfigurationPlatforms) = preSolution
		Debug|Any CPU = Debug|Any CPU
		Release|Any CPU = Release|Any CPU
	EndGlobalSection
	GlobalSection(ProjectConfigurationPlatforms) = postSolution
		{3D737DB0-56CC-4679-BAF2-B011085BC252}.Debug|Any CPU.ActiveCfg = Debug|Any CPU
		{3D737DB0-56CC-4679-BAF2-B011085BC252}.Debug|Any CPU.Build.0 = Debug|Any CPU
		{3D737DB0-56CC-4679-BAF2-B011085BC252}.Release|Any CPU.ActiveCfg = Release|Any CPU
		{3D737DB0-56CC-4679-BAF2-B011085BC252}.Release|Any CPU.Build.0 = Release|Any CPU
	EndGlobalSection
	GlobalSection(SolutionProperties) = preSolution
		HideSolutionNode = FALSE
	EndGlobalSection
	GlobalSection(ExtensibilityGlobals) = postSolution
		SolutionGuid = {E62DB849-BA8E-4857-8FC4-D875AA86FC15}
	EndGlobalSection
EndGlobal
