
Microsoft Visual Studio Solution File, Format Version 12.00
# Visual Studio Version 17
VisualStudioVersion = 17.14.36623.8 d17.14
MinimumVisualStudioVersion = 10.0.40219.1
Project("{FAE04EC0-301F-11D3-BF4B-00C04F79EFBC}") = "TaskContinueWith", "TaskContinueWith.csproj", "{1523321F-6739-44B9-93B9-6F1F96062D4D}"
EndProject
Global
	GlobalSection(SolutionConfigurationPlatforms) = preSolution
		Debug|Any CPU = Debug|Any CPU
		Release|Any CPU = Release|Any CPU
	EndGlobalSection
	GlobalSection(ProjectConfigurationPlatforms) = postSolution
		{1523321F-6739-44B9-93B9-6F1F96062D4D}.Debug|Any CPU.ActiveCfg = Debug|Any CPU
		{1523321F-6739-44B9-93B9-6F1F96062D4D}.Debug|Any CPU.Build.0 = Debug|Any CPU
		{1523321F-6739-44B9-93B9-6F1F96062D4D}.Release|Any CPU.ActiveCfg = Release|Any CPU
		{1523321F-6739-44B9-93B9-6F1F96062D4D}.Release|Any CPU.Build.0 = Release|Any CPU
	EndGlobalSection
	GlobalSection(SolutionProperties) = preSolution
		HideSolutionNode = FALSE
	EndGlobalSection
	GlobalSection(ExtensibilityGlobals) = postSolution
		SolutionGuid = {9A212560-5250-44B0-9479-64E4FBD7FEC8}
	EndGlobalSection
EndGlobal
