
Microsoft Visual Studio Solution File, Format Version 12.00
# Visual Studio Version 17
VisualStudioVersion = 17.14.36623.8 d17.14
MinimumVisualStudioVersion = 10.0.40219.1
Project("{FAE04EC0-301F-11D3-BF4B-00C04F79EFBC}") = "TaskChain&Unwrap", "TaskChain&Unwrap.csproj", "{475D90BF-2A96-442C-B132-BF1D3F5F9A36}"
EndProject
Global
	GlobalSection(SolutionConfigurationPlatforms) = preSolution
		Debug|Any CPU = Debug|Any CPU
		Release|Any CPU = Release|Any CPU
	EndGlobalSection
	GlobalSection(ProjectConfigurationPlatforms) = postSolution
		{475D90BF-2A96-442C-B132-BF1D3F5F9A36}.Debug|Any CPU.ActiveCfg = Debug|Any CPU
		{475D90BF-2A96-442C-B132-BF1D3F5F9A36}.Debug|Any CPU.Build.0 = Debug|Any CPU
		{475D90BF-2A96-442C-B132-BF1D3F5F9A36}.Release|Any CPU.ActiveCfg = Release|Any CPU
		{475D90BF-2A96-442C-B132-BF1D3F5F9A36}.Release|Any CPU.Build.0 = Release|Any CPU
	EndGlobalSection
	GlobalSection(SolutionProperties) = preSolution
		HideSolutionNode = FALSE
	EndGlobalSection
	GlobalSection(ExtensibilityGlobals) = postSolution
		SolutionGuid = {96B13CE2-A4D8-45C9-B78E-5AAF9F6A750F}
	EndGlobalSection
EndGlobal
