
Microsoft Visual Studio Solution File, Format Version 12.00
# Visual Studio Version 17
VisualStudioVersion = 17.14.36623.8 d17.14
MinimumVisualStudioVersion = 10.0.40219.1
Project("{FAE04EC0-301F-11D3-BF4B-00C04F79EFBC}") = "StatesOfThread", "StatesOfThread.csproj", "{7C112052-5205-41C7-9521-E2706C21ECC1}"
EndProject
Global
	GlobalSection(SolutionConfigurationPlatforms) = preSolution
		Debug|Any CPU = Debug|Any CPU
		Release|Any CPU = Release|Any CPU
	EndGlobalSection
	GlobalSection(ProjectConfigurationPlatforms) = postSolution
		{7C112052-5205-41C7-9521-E2706C21ECC1}.Debug|Any CPU.ActiveCfg = Debug|Any CPU
		{7C112052-5205-41C7-9521-E2706C21ECC1}.Debug|Any CPU.Build.0 = Debug|Any CPU
		{7C112052-5205-41C7-9521-E2706C21ECC1}.Release|Any CPU.ActiveCfg = Release|Any CPU
		{7C112052-5205-41C7-9521-E2706C21ECC1}.Release|Any CPU.Build.0 = Release|Any CPU
	EndGlobalSection
	GlobalSection(SolutionProperties) = preSolution
		HideSolutionNode = FALSE
	EndGlobalSection
	GlobalSection(ExtensibilityGlobals) = postSolution
		SolutionGuid = {65D7C003-6142-419A-97D8-DA78F78B6731}
	EndGlobalSection
EndGlobal
