
Microsoft Visual Studio Solution File, Format Version 12.00
# Visual Studio Version 17
VisualStudioVersion = 17.14.36623.8 d17.14
MinimumVisualStudioVersion = 10.0.40219.1
Project("{FAE04EC0-301F-11D3-BF4B-00C04F79EFBC}") = "ThreadAffinity", "ThreadAffinity.csproj", "{3083DBBB-CD14-454F-B74E-F03144DCF00B}"
EndProject
Global
	GlobalSection(SolutionConfigurationPlatforms) = preSolution
		Debug|Any CPU = Debug|Any CPU
		Release|Any CPU = Release|Any CPU
	EndGlobalSection
	GlobalSection(ProjectConfigurationPlatforms) = postSolution
		{3083DBBB-CD14-454F-B74E-F03144DCF00B}.Debug|Any CPU.ActiveCfg = Debug|Any CPU
		{3083DBBB-CD14-454F-B74E-F03144DCF00B}.Debug|Any CPU.Build.0 = Debug|Any CPU
		{3083DBBB-CD14-454F-B74E-F03144DCF00B}.Release|Any CPU.ActiveCfg = Release|Any CPU
		{3083DBBB-CD14-454F-B74E-F03144DCF00B}.Release|Any CPU.Build.0 = Release|Any CPU
	EndGlobalSection
	GlobalSection(SolutionProperties) = preSolution
		HideSolutionNode = FALSE
	EndGlobalSection
	GlobalSection(ExtensibilityGlobals) = postSolution
		SolutionGuid = {00D495F3-9E2A-46BA-8BC9-EBB209D33433}
	EndGlobalSection
EndGlobal
